
Microsoft Visual Studio Solution File, Format Version 12.00
# Visual Studio Version 17
VisualStudioVersion = 17.11.35327.3
MinimumVisualStudioVersion = 10.0.40219.1
Project("{FAE04EC0-301F-11D3-BF4B-00C04F79EFBC}") = "Ind_zad_8", "Ind_zad_8\Ind_zad_8.csproj", "{4D6C5134-AB12-4D20-8A97-21E4ABD78FED}"
EndProject
Global
	GlobalSection(SolutionConfigurationPlatforms) = preSolution
		Debug|Any CPU = Debug|Any CPU
		Release|Any CPU = Release|Any CPU
	EndGlobalSection
	GlobalSection(ProjectConfigurationPlatforms) = postSolution
		{4D6C5134-AB12-4D20-8A97-21E4ABD78FED}.Debug|Any CPU.ActiveCfg = Debug|Any CPU
		{4D6C5134-AB12-4D20-8A97-21E4ABD78FED}.Debug|Any CPU.Build.0 = Debug|Any CPU
		{4D6C5134-AB12-4D20-8A97-21E4ABD78FED}.Release|Any CPU.ActiveCfg = Release|Any CPU
		{4D6C5134-AB12-4D20-8A97-21E4ABD78FED}.Release|Any CPU.Build.0 = Release|Any CPU
	EndGlobalSection
	GlobalSection(SolutionProperties) = preSolution
		HideSolutionNode = FALSE
	EndGlobalSection
	GlobalSection(ExtensibilityGlobals) = postSolution
		SolutionGuid = {93A7FC3B-C6CC-4623-932A-30EA3EAED478}
	EndGlobalSection
EndGlobal
